// !$*UTF8*$!
{
	archiveVersion = 1;
	classes = {
	};
	objectVersion = 48;
	objects = {

/* Begin PBXBuildFile section */
		3360988A2CF1D27714E9B611 /* Pods_MiyataSample2UITests.framework in Frameworks */ = {isa = PBXBuildFile; fileRef = 81101FCFE6DFF0E4BC962695 /* Pods_MiyataSample2UITests.framework */; };
		968F025B9CC079D61D5DD290 /* Pods_MiyataSample2Tests.framework in Frameworks */ = {isa = PBXBuildFile; fileRef = 15C168EFF3467C0AC72E8603 /* Pods_MiyataSample2Tests.framework */; };
		DD237D3B1F9F424600C4C5DF /* setProjectNameViewController.swift in Sources */ = {isa = PBXBuildFile; fileRef = DD237D391F9F424500C4C5DF /* setProjectNameViewController.swift */; };
		DD237D3C1F9F424600C4C5DF /* TableViewController.swift in Sources */ = {isa = PBXBuildFile; fileRef = DD237D3A1F9F424500C4C5DF /* TableViewController.swift */; };
		DD4B2CBB1F847BBD00E4EF61 /* AppDelegate.swift in Sources */ = {isa = PBXBuildFile; fileRef = DD4B2CBA1F847BBD00E4EF61 /* AppDelegate.swift */; };
		DD4B2CBD1F847BBD00E4EF61 /* ViewController.swift in Sources */ = {isa = PBXBuildFile; fileRef = DD4B2CBC1F847BBD00E4EF61 /* ViewController.swift */; };
		DD4B2CC01F847BBD00E4EF61 /* Main.storyboard in Resources */ = {isa = PBXBuildFile; fileRef = DD4B2CBE1F847BBD00E4EF61 /* Main.storyboard */; };
		DD4B2CC31F847BBD00E4EF61 /* MiyataSample2.xcdatamodeld in Sources */ = {isa = PBXBuildFile; fileRef = DD4B2CC11F847BBD00E4EF61 /* MiyataSample2.xcdatamodeld */; };
		DD4B2CC51F847BBD00E4EF61 /* Assets.xcassets in Resources */ = {isa = PBXBuildFile; fileRef = DD4B2CC41F847BBD00E4EF61 /* Assets.xcassets */; };
		DD4B2CC81F847BBD00E4EF61 /* LaunchScreen.storyboard in Resources */ = {isa = PBXBuildFile; fileRef = DD4B2CC61F847BBD00E4EF61 /* LaunchScreen.storyboard */; };
		DD4B2CD31F847BBD00E4EF61 /* MiyataSample2Tests.swift in Sources */ = {isa = PBXBuildFile; fileRef = DD4B2CD21F847BBD00E4EF61 /* MiyataSample2Tests.swift */; };
		DD4B2CDE1F847BBE00E4EF61 /* MiyataSample2UITests.swift in Sources */ = {isa = PBXBuildFile; fileRef = DD4B2CDD1F847BBE00E4EF61 /* MiyataSample2UITests.swift */; };
		DDB28ABF1FD111FD0075377D /* 06 JENIFER NITTO feat.TOFFY G_EVERYO.m4a in Resources */ = {isa = PBXBuildFile; fileRef = DDB28ABE1FD111FD0075377D /* 06 JENIFER NITTO feat.TOFFY G_EVERYO.m4a */; };
		DDE798CC1FA2F51B00EE537D /* TitleViewController.swift in Sources */ = {isa = PBXBuildFile; fileRef = DDE798CB1FA2F51B00EE537D /* TitleViewController.swift */; };
		DDE798D41FA80BB400EE537D /* AnimationViewController.swift in Sources */ = {isa = PBXBuildFile; fileRef = DDE798D31FA80BB400EE537D /* AnimationViewController.swift */; };
		DDFBE5AD1FA07A83003E667B /* ButtonCustom.swift in Sources */ = {isa = PBXBuildFile; fileRef = DDFBE5AC1FA07A83003E667B /* ButtonCustom.swift */; };
		F9E59B09DED064BF3D6D762F /* Pods_MiyataSample2.framework in Frameworks */ = {isa = PBXBuildFile; fileRef = 865B6D1DC53C240921FFF668 /* Pods_MiyataSample2.framework */; };
/* End PBXBuildFile section */

/* Begin PBXContainerItemProxy section */
		DD4B2CCF1F847BBD00E4EF61 /* PBXContainerItemProxy */ = {
			isa = PBXContainerItemProxy;
			containerPortal = DD4B2CAF1F847BBD00E4EF61 /* Project object */;
			proxyType = 1;
			remoteGlobalIDString = DD4B2CB61F847BBD00E4EF61;
			remoteInfo = MiyataSample2;
		};
		DD4B2CDA1F847BBE00E4EF61 /* PBXContainerItemProxy */ = {
			isa = PBXContainerItemProxy;
			containerPortal = DD4B2CAF1F847BBD00E4EF61 /* Project object */;
			proxyType = 1;
			remoteGlobalIDString = DD4B2CB61F847BBD00E4EF61;
			remoteInfo = MiyataSample2;
		};
/* End PBXContainerItemProxy section */

/* Begin PBXFileReference section */
		11114651ECF6ACDF887127FF /* Pods-MiyataSample2.release.xcconfig */ = {isa = PBXFileReference; includeInIndex = 1; lastKnownFileType = text.xcconfig; name = "Pods-MiyataSample2.release.xcconfig"; path = "Pods/Target Support Files/Pods-MiyataSample2/Pods-MiyataSample2.release.xcconfig"; sourceTree = "<group>"; };
		15C168EFF3467C0AC72E8603 /* Pods_MiyataSample2Tests.framework */ = {isa = PBXFileReference; explicitFileType = wrapper.framework; includeInIndex = 0; path = Pods_MiyataSample2Tests.framework; sourceTree = BUILT_PRODUCTS_DIR; };
		2333E323617B284C7800BEEB /* Pods-MiyataSample2UITests.debug.xcconfig */ = {isa = PBXFileReference; includeInIndex = 1; lastKnownFileType = text.xcconfig; name = "Pods-MiyataSample2UITests.debug.xcconfig"; path = "Pods/Target Support Files/Pods-MiyataSample2UITests/Pods-MiyataSample2UITests.debug.xcconfig"; sourceTree = "<group>"; };
		81101FCFE6DFF0E4BC962695 /* Pods_MiyataSample2UITests.framework */ = {isa = PBXFileReference; explicitFileType = wrapper.framework; includeInIndex = 0; path = Pods_MiyataSample2UITests.framework; sourceTree = BUILT_PRODUCTS_DIR; };
		865B6D1DC53C240921FFF668 /* Pods_MiyataSample2.framework */ = {isa = PBXFileReference; explicitFileType = wrapper.framework; includeInIndex = 0; path = Pods_MiyataSample2.framework; sourceTree = BUILT_PRODUCTS_DIR; };
		8AB2F18823BA38B8382789EB /* Pods-MiyataSample2Tests.debug.xcconfig */ = {isa = PBXFileReference; includeInIndex = 1; lastKnownFileType = text.xcconfig; name = "Pods-MiyataSample2Tests.debug.xcconfig"; path = "Pods/Target Support Files/Pods-MiyataSample2Tests/Pods-MiyataSample2Tests.debug.xcconfig"; sourceTree = "<group>"; };
		B173813F37D0E7864F0A5A3D /* Pods-MiyataSample2.debug.xcconfig */ = {isa = PBXFileReference; includeInIndex = 1; lastKnownFileType = text.xcconfig; name = "Pods-MiyataSample2.debug.xcconfig"; path = "Pods/Target Support Files/Pods-MiyataSample2/Pods-MiyataSample2.debug.xcconfig"; sourceTree = "<group>"; };
		DD237D391F9F424500C4C5DF /* setProjectNameViewController.swift */ = {isa = PBXFileReference; fileEncoding = 4; lastKnownFileType = sourcecode.swift; path = setProjectNameViewController.swift; sourceTree = "<group>"; };
		DD237D3A1F9F424500C4C5DF /* TableViewController.swift */ = {isa = PBXFileReference; fileEncoding = 4; lastKnownFileType = sourcecode.swift; path = TableViewController.swift; sourceTree = "<group>"; };
		DD4B2CB71F847BBD00E4EF61 /* MiyataSample2.app */ = {isa = PBXFileReference; explicitFileType = wrapper.application; includeInIndex = 0; path = MiyataSample2.app; sourceTree = BUILT_PRODUCTS_DIR; };
		DD4B2CBA1F847BBD00E4EF61 /* AppDelegate.swift */ = {isa = PBXFileReference; lastKnownFileType = sourcecode.swift; path = AppDelegate.swift; sourceTree = "<group>"; };
		DD4B2CBC1F847BBD00E4EF61 /* ViewController.swift */ = {isa = PBXFileReference; lastKnownFileType = sourcecode.swift; path = ViewController.swift; sourceTree = "<group>"; };
		DD4B2CBF1F847BBD00E4EF61 /* Base */ = {isa = PBXFileReference; lastKnownFileType = file.storyboard; name = Base; path = Base.lproj/Main.storyboard; sourceTree = "<group>"; };
		DD4B2CC21F847BBD00E4EF61 /* MiyataSample2.xcdatamodel */ = {isa = PBXFileReference; lastKnownFileType = wrapper.xcdatamodel; path = MiyataSample2.xcdatamodel; sourceTree = "<group>"; };
		DD4B2CC41F847BBD00E4EF61 /* Assets.xcassets */ = {isa = PBXFileReference; lastKnownFileType = folder.assetcatalog; path = Assets.xcassets; sourceTree = "<group>"; };
		DD4B2CC71F847BBD00E4EF61 /* Base */ = {isa = PBXFileReference; lastKnownFileType = file.storyboard; name = Base; path = Base.lproj/LaunchScreen.storyboard; sourceTree = "<group>"; };
		DD4B2CC91F847BBD00E4EF61 /* Info.plist */ = {isa = PBXFileReference; lastKnownFileType = text.plist.xml; path = Info.plist; sourceTree = "<group>"; };
		DD4B2CCE1F847BBD00E4EF61 /* MiyataSample2Tests.xctest */ = {isa = PBXFileReference; explicitFileType = wrapper.cfbundle; includeInIndex = 0; path = MiyataSample2Tests.xctest; sourceTree = BUILT_PRODUCTS_DIR; };
		DD4B2CD21F847BBD00E4EF61 /* MiyataSample2Tests.swift */ = {isa = PBXFileReference; lastKnownFileType = sourcecode.swift; path = MiyataSample2Tests.swift; sourceTree = "<group>"; };
		DD4B2CD41F847BBD00E4EF61 /* Info.plist */ = {isa = PBXFileReference; lastKnownFileType = text.plist.xml; path = Info.plist; sourceTree = "<group>"; };
		DD4B2CD91F847BBE00E4EF61 /* MiyataSample2UITests.xctest */ = {isa = PBXFileReference; explicitFileType = wrapper.cfbundle; includeInIndex = 0; path = MiyataSample2UITests.xctest; sourceTree = BUILT_PRODUCTS_DIR; };
		DD4B2CDD1F847BBE00E4EF61 /* MiyataSample2UITests.swift */ = {isa = PBXFileReference; lastKnownFileType = sourcecode.swift; path = MiyataSample2UITests.swift; sourceTree = "<group>"; };
		DD4B2CDF1F847BBE00E4EF61 /* Info.plist */ = {isa = PBXFileReference; lastKnownFileType = text.plist.xml; path = Info.plist; sourceTree = "<group>"; };
		DDB28ABE1FD111FD0075377D /* 06 JENIFER NITTO feat.TOFFY G_EVERYO.m4a */ = {isa = PBXFileReference; lastKnownFileType = file; path = "06 JENIFER NITTO feat.TOFFY G_EVERYO.m4a"; sourceTree = "<group>"; };
		DDE798CB1FA2F51B00EE537D /* TitleViewController.swift */ = {isa = PBXFileReference; lastKnownFileType = sourcecode.swift; path = TitleViewController.swift; sourceTree = "<group>"; };
		DDE798D31FA80BB400EE537D /* AnimationViewController.swift */ = {isa = PBXFileReference; lastKnownFileType = sourcecode.swift; path = AnimationViewController.swift; sourceTree = "<group>"; };
		DDFBE5AC1FA07A83003E667B /* ButtonCustom.swift */ = {isa = PBXFileReference; lastKnownFileType = sourcecode.swift; path = ButtonCustom.swift; sourceTree = "<group>"; };
		F9658BA517D2BFCB0BCB72D3 /* Pods-MiyataSample2Tests.release.xcconfig */ = {isa = PBXFileReference; includeInIndex = 1; lastKnownFileType = text.xcconfig; name = "Pods-MiyataSample2Tests.release.xcconfig"; path = "Pods/Target Support Files/Pods-MiyataSample2Tests/Pods-MiyataSample2Tests.release.xcconfig"; sourceTree = "<group>"; };
		FE243BDF1B73209259671BA3 /* Pods-MiyataSample2UITests.release.xcconfig */ = {isa = PBXFileReference; includeInIndex = 1; lastKnownFileType = text.xcconfig; name = "Pods-MiyataSample2UITests.release.xcconfig"; path = "Pods/Target Support Files/Pods-MiyataSample2UITests/Pods-MiyataSample2UITests.release.xcconfig"; sourceTree = "<group>"; };
/* End PBXFileReference section */

/* Begin PBXFrameworksBuildPhase section */
		DD4B2CB41F847BBD00E4EF61 /* Frameworks */ = {
			isa = PBXFrameworksBuildPhase;
			buildActionMask = 2147483647;
			files = (
				F9E59B09DED064BF3D6D762F /* Pods_MiyataSample2.framework in Frameworks */,
			);
			runOnlyForDeploymentPostprocessing = 0;
		};
		DD4B2CCB1F847BBD00E4EF61 /* Frameworks */ = {
			isa = PBXFrameworksBuildPhase;
			buildActionMask = 2147483647;
			files = (
				968F025B9CC079D61D5DD290 /* Pods_MiyataSample2Tests.framework in Frameworks */,
			);
			runOnlyForDeploymentPostprocessing = 0;
		};
		DD4B2CD61F847BBE00E4EF61 /* Frameworks */ = {
			isa = PBXFrameworksBuildPhase;
			buildActionMask = 2147483647;
			files = (
				3360988A2CF1D27714E9B611 /* Pods_MiyataSample2UITests.framework in Frameworks */,
			);
			runOnlyForDeploymentPostprocessing = 0;
		};
/* End PBXFrameworksBuildPhase section */

/* Begin PBXGroup section */
		31887BEEA4A908E1B7E69C18 /* Pods */ = {
			isa = PBXGroup;
			children = (
				B173813F37D0E7864F0A5A3D /* Pods-MiyataSample2.debug.xcconfig */,
				11114651ECF6ACDF887127FF /* Pods-MiyataSample2.release.xcconfig */,
				8AB2F18823BA38B8382789EB /* Pods-MiyataSample2Tests.debug.xcconfig */,
				F9658BA517D2BFCB0BCB72D3 /* Pods-MiyataSample2Tests.release.xcconfig */,
				2333E323617B284C7800BEEB /* Pods-MiyataSample2UITests.debug.xcconfig */,
				FE243BDF1B73209259671BA3 /* Pods-MiyataSample2UITests.release.xcconfig */,
			);
			name = Pods;
			sourceTree = "<group>";
		};
		575D8F92BCC0ED7A94960120 /* Frameworks */ = {
			isa = PBXGroup;
			children = (
				865B6D1DC53C240921FFF668 /* Pods_MiyataSample2.framework */,
				15C168EFF3467C0AC72E8603 /* Pods_MiyataSample2Tests.framework */,
				81101FCFE6DFF0E4BC962695 /* Pods_MiyataSample2UITests.framework */,
			);
			name = Frameworks;
			sourceTree = "<group>";
		};
		DD4B2CAE1F847BBD00E4EF61 = {
			isa = PBXGroup;
			children = (
				DD4B2CB91F847BBD00E4EF61 /* MiyataSample2 */,
				DD4B2CD11F847BBD00E4EF61 /* MiyataSample2Tests */,
				DD4B2CDC1F847BBE00E4EF61 /* MiyataSample2UITests */,
				DD4B2CB81F847BBD00E4EF61 /* Products */,
				31887BEEA4A908E1B7E69C18 /* Pods */,
				575D8F92BCC0ED7A94960120 /* Frameworks */,
			);
			sourceTree = "<group>";
		};
		DD4B2CB81F847BBD00E4EF61 /* Products */ = {
			isa = PBXGroup;
			children = (
				DD4B2CB71F847BBD00E4EF61 /* MiyataSample2.app */,
				DD4B2CCE1F847BBD00E4EF61 /* MiyataSample2Tests.xctest */,
				DD4B2CD91F847BBE00E4EF61 /* MiyataSample2UITests.xctest */,
			);
			name = Products;
			sourceTree = "<group>";
		};
		DD4B2CB91F847BBD00E4EF61 /* MiyataSample2 */ = {
			isa = PBXGroup;
			children = (
				DD4B2CBA1F847BBD00E4EF61 /* AppDelegate.swift */,
				DDE798CB1FA2F51B00EE537D /* TitleViewController.swift */,
				DD237D3A1F9F424500C4C5DF /* TableViewController.swift */,
				DD237D391F9F424500C4C5DF /* setProjectNameViewController.swift */,
				DD4B2CBC1F847BBD00E4EF61 /* ViewController.swift */,
				DDE798D31FA80BB400EE537D /* AnimationViewController.swift */,
				DDFBE5AC1FA07A83003E667B /* ButtonCustom.swift */,
				DD4B2CBE1F847BBD00E4EF61 /* Main.storyboard */,
				DDB28ABD1FD111FD0075377D /* music */,
				DD4B2CC41F847BBD00E4EF61 /* Assets.xcassets */,
				DD4B2CC61F847BBD00E4EF61 /* LaunchScreen.storyboard */,
				DD4B2CC91F847BBD00E4EF61 /* Info.plist */,
				DD4B2CC11F847BBD00E4EF61 /* MiyataSample2.xcdatamodeld */,
			);
			path = MiyataSample2;
			sourceTree = "<group>";
		};
		DD4B2CD11F847BBD00E4EF61 /* MiyataSample2Tests */ = {
			isa = PBXGroup;
			children = (
				DD4B2CD21F847BBD00E4EF61 /* MiyataSample2Tests.swift */,
				DD4B2CD41F847BBD00E4EF61 /* Info.plist */,
			);
			path = MiyataSample2Tests;
			sourceTree = "<group>";
		};
		DD4B2CDC1F847BBE00E4EF61 /* MiyataSample2UITests */ = {
			isa = PBXGroup;
			children = (
				DD4B2CDD1F847BBE00E4EF61 /* MiyataSample2UITests.swift */,
				DD4B2CDF1F847BBE00E4EF61 /* Info.plist */,
			);
			path = MiyataSample2UITests;
			sourceTree = "<group>";
		};
		DDB28ABD1FD111FD0075377D /* music */ = {
			isa = PBXGroup;
			children = (
				DDB28ABE1FD111FD0075377D /* 06 JENIFER NITTO feat.TOFFY G_EVERYO.m4a */,
			);
			path = music;
			sourceTree = "<group>";
		};
/* End PBXGroup section */

/* Begin PBXNativeTarget section */
		DD4B2CB61F847BBD00E4EF61 /* MiyataSample2 */ = {
			isa = PBXNativeTarget;
			buildConfigurationList = DD4B2CE21F847BBE00E4EF61 /* Build configuration list for PBXNativeTarget "MiyataSample2" */;
			buildPhases = (
				AC39C2CD3AEF4F9AD79AC0B8 /* [CP] Check Pods Manifest.lock */,
				DD4B2CB31F847BBD00E4EF61 /* Sources */,
				DD4B2CB41F847BBD00E4EF61 /* Frameworks */,
				DD4B2CB51F847BBD00E4EF61 /* Resources */,
				73547CE6E8B554CFF6648C3A /* [CP] Embed Pods Frameworks */,
				E9499A5229155272D0AF581C /* [CP] Copy Pods Resources */,
			);
			buildRules = (
			);
			dependencies = (
			);
			name = MiyataSample2;
			productName = MiyataSample2;
			productReference = DD4B2CB71F847BBD00E4EF61 /* MiyataSample2.app */;
			productType = "com.apple.product-type.application";
		};
		DD4B2CCD1F847BBD00E4EF61 /* MiyataSample2Tests */ = {
			isa = PBXNativeTarget;
			buildConfigurationList = DD4B2CE51F847BBE00E4EF61 /* Build configuration list for PBXNativeTarget "MiyataSample2Tests" */;
			buildPhases = (
				C018BB10135AD665D1BFB8C9 /* [CP] Check Pods Manifest.lock */,
				DD4B2CCA1F847BBD00E4EF61 /* Sources */,
				DD4B2CCB1F847BBD00E4EF61 /* Frameworks */,
				DD4B2CCC1F847BBD00E4EF61 /* Resources */,
				BEF040D9BC801EAA1F7E48D0 /* [CP] Embed Pods Frameworks */,
				DAF6908DE90FAEE555A94386 /* [CP] Copy Pods Resources */,
			);
			buildRules = (
			);
			dependencies = (
				DD4B2CD01F847BBD00E4EF61 /* PBXTargetDependency */,
			);
			name = MiyataSample2Tests;
			productName = MiyataSample2Tests;
			productReference = DD4B2CCE1F847BBD00E4EF61 /* MiyataSample2Tests.xctest */;
			productType = "com.apple.product-type.bundle.unit-test";
		};
		DD4B2CD81F847BBE00E4EF61 /* MiyataSample2UITests */ = {
			isa = PBXNativeTarget;
			buildConfigurationList = DD4B2CE81F847BBE00E4EF61 /* Build configuration list for PBXNativeTarget "MiyataSample2UITests" */;
			buildPhases = (
				5B227F1FED77A0F3FFCABC35 /* [CP] Check Pods Manifest.lock */,
				DD4B2CD51F847BBE00E4EF61 /* Sources */,
				DD4B2CD61F847BBE00E4EF61 /* Frameworks */,
				DD4B2CD71F847BBE00E4EF61 /* Resources */,
				F8B43676AF6C5ABD7D9C5129 /* [CP] Embed Pods Frameworks */,
				581D2340FEA7B0AF6D26019A /* [CP] Copy Pods Resources */,
			);
			buildRules = (
			);
			dependencies = (
				DD4B2CDB1F847BBE00E4EF61 /* PBXTargetDependency */,
			);
			name = MiyataSample2UITests;
			productName = MiyataSample2UITests;
			productReference = DD4B2CD91F847BBE00E4EF61 /* MiyataSample2UITests.xctest */;
			productType = "com.apple.product-type.bundle.ui-testing";
		};
/* End PBXNativeTarget section */

/* Begin PBXProject section */
		DD4B2CAF1F847BBD00E4EF61 /* Project object */ = {
			isa = PBXProject;
			attributes = {
				LastSwiftUpdateCheck = 0900;
				LastUpgradeCheck = 0900;
				ORGANIZATIONNAME = "宮田恵里";
				TargetAttributes = {
					DD4B2CB61F847BBD00E4EF61 = {
						CreatedOnToolsVersion = 9.0;
						ProvisioningStyle = Automatic;
					};
					DD4B2CCD1F847BBD00E4EF61 = {
						CreatedOnToolsVersion = 9.0;
						ProvisioningStyle = Automatic;
						TestTargetID = DD4B2CB61F847BBD00E4EF61;
					};
					DD4B2CD81F847BBE00E4EF61 = {
						CreatedOnToolsVersion = 9.0;
						ProvisioningStyle = Automatic;
						TestTargetID = DD4B2CB61F847BBD00E4EF61;
					};
				};
			};
			buildConfigurationList = DD4B2CB21F847BBD00E4EF61 /* Build configuration list for PBXProject "MiyataSample2" */;
			compatibilityVersion = "Xcode 8.0";
			developmentRegion = en;
			hasScannedForEncodings = 0;
			knownRegions = (
				en,
				Base,
			);
			mainGroup = DD4B2CAE1F847BBD00E4EF61;
			productRefGroup = DD4B2CB81F847BBD00E4EF61 /* Products */;
			projectDirPath = "";
			projectRoot = "";
			targets = (
				DD4B2CB61F847BBD00E4EF61 /* MiyataSample2 */,
				DD4B2CCD1F847BBD00E4EF61 /* MiyataSample2Tests */,
				DD4B2CD81F847BBE00E4EF61 /* MiyataSample2UITests */,
			);
		};
/* End PBXProject section */

/* Begin PBXResourcesBuildPhase section */
		DD4B2CB51F847BBD00E4EF61 /* Resources */ = {
			isa = PBXResourcesBuildPhase;
			buildActionMask = 2147483647;
			files = (
				DD4B2CC81F847BBD00E4EF61 /* LaunchScreen.storyboard in Resources */,
				DDB28ABF1FD111FD0075377D /* 06 JENIFER NITTO feat.TOFFY G_EVERYO.m4a in Resources */,
				DD4B2CC51F847BBD00E4EF61 /* Assets.xcassets in Resources */,
				DD4B2CC01F847BBD00E4EF61 /* Main.storyboard in Resources */,
			);
			runOnlyForDeploymentPostprocessing = 0;
		};
		DD4B2CCC1F847BBD00E4EF61 /* Resources */ = {
			isa = PBXResourcesBuildPhase;
			buildActionMask = 2147483647;
			files = (
			);
			runOnlyForDeploymentPostprocessing = 0;
		};
		DD4B2CD71F847BBE00E4EF61 /* Resources */ = {
			isa = PBXResourcesBuildPhase;
			buildActionMask = 2147483647;
			files = (
			);
			runOnlyForDeploymentPostprocessing = 0;
		};
/* End PBXResourcesBuildPhase section */

/* Begin PBXShellScriptBuildPhase section */
		581D2340FEA7B0AF6D26019A /* [CP] Copy Pods Resources */ = {
			isa = PBXShellScriptBuildPhase;
			buildActionMask = 2147483647;
			files = (
			);
			inputPaths = (
			);
			name = "[CP] Copy Pods Resources";
			outputPaths = (
			);
			runOnlyForDeploymentPostprocessing = 0;
			shellPath = /bin/sh;
			shellScript = "\"${SRCROOT}/Pods/Target Support Files/Pods-MiyataSample2UITests/Pods-MiyataSample2UITests-resources.sh\"\n";
			showEnvVarsInLog = 0;
		};
		5B227F1FED77A0F3FFCABC35 /* [CP] Check Pods Manifest.lock */ = {
			isa = PBXShellScriptBuildPhase;
			buildActionMask = 2147483647;
			files = (
			);
			inputPaths = (
				"${PODS_PODFILE_DIR_PATH}/Podfile.lock",
				"${PODS_ROOT}/Manifest.lock",
			);
			name = "[CP] Check Pods Manifest.lock";
			outputPaths = (
				"$(DERIVED_FILE_DIR)/Pods-MiyataSample2UITests-checkManifestLockResult.txt",
			);
			runOnlyForDeploymentPostprocessing = 0;
			shellPath = /bin/sh;
			shellScript = "diff \"${PODS_PODFILE_DIR_PATH}/Podfile.lock\" \"${PODS_ROOT}/Manifest.lock\" > /dev/null\nif [ $? != 0 ] ; then\n    # print error to STDERR\n    echo \"error: The sandbox is not in sync with the Podfile.lock. Run 'pod install' or update your CocoaPods installation.\" >&2\n    exit 1\nfi\n# This output is used by Xcode 'outputs' to avoid re-running this script phase.\necho \"SUCCESS\" > \"${SCRIPT_OUTPUT_FILE_0}\"\n";
			showEnvVarsInLog = 0;
		};
		73547CE6E8B554CFF6648C3A /* [CP] Embed Pods Frameworks */ = {
			isa = PBXShellScriptBuildPhase;
			buildActionMask = 2147483647;
			files = (
			);
			inputPaths = (
				"${SRCROOT}/Pods/Target Support Files/Pods-MiyataSample2/Pods-MiyataSample2-frameworks.sh",
				"${BUILT_PRODUCTS_DIR}/Material/Material.framework",
				"${BUILT_PRODUCTS_DIR}/Motion/Motion.framework",
			);
			name = "[CP] Embed Pods Frameworks";
			outputPaths = (
				"${TARGET_BUILD_DIR}/${FRAMEWORKS_FOLDER_PATH}/Material.framework",
				"${TARGET_BUILD_DIR}/${FRAMEWORKS_FOLDER_PATH}/Motion.framework",
			);
			runOnlyForDeploymentPostprocessing = 0;
			shellPath = /bin/sh;
			shellScript = "\"${SRCROOT}/Pods/Target Support Files/Pods-MiyataSample2/Pods-MiyataSample2-frameworks.sh\"\n";
			showEnvVarsInLog = 0;
		};
		AC39C2CD3AEF4F9AD79AC0B8 /* [CP] Check Pods Manifest.lock */ = {
			isa = PBXShellScriptBuildPhase;
			buildActionMask = 2147483647;
			files = (
			);
			inputPaths = (
				"${PODS_PODFILE_DIR_PATH}/Podfile.lock",
				"${PODS_ROOT}/Manifest.lock",
			);
			name = "[CP] Check Pods Manifest.lock";
			outputPaths = (
				"$(DERIVED_FILE_DIR)/Pods-MiyataSample2-checkManifestLockResult.txt",
			);
			runOnlyForDeploymentPostprocessing = 0;
			shellPath = /bin/sh;
			shellScript = "diff \"${PODS_PODFILE_DIR_PATH}/Podfile.lock\" \"${PODS_ROOT}/Manifest.lock\" > /dev/null\nif [ $? != 0 ] ; then\n    # print error to STDERR\n    echo \"error: The sandbox is not in sync with the Podfile.lock. Run 'pod install' or update your CocoaPods installation.\" >&2\n    exit 1\nfi\n# This output is used by Xcode 'outputs' to avoid re-running this script phase.\necho \"SUCCESS\" > \"${SCRIPT_OUTPUT_FILE_0}\"\n";
			showEnvVarsInLog = 0;
		};
		BEF040D9BC801EAA1F7E48D0 /* [CP] Embed Pods Frameworks */ = {
			isa = PBXShellScriptBuildPhase;
			buildActionMask = 2147483647;
			files = (
			);
			inputPaths = (
			);
			name = "[CP] Embed Pods Frameworks";
			outputPaths = (
			);
			runOnlyForDeploymentPostprocessing = 0;
			shellPath = /bin/sh;
			shellScript = "\"${SRCROOT}/Pods/Target Support Files/Pods-MiyataSample2Tests/Pods-MiyataSample2Tests-frameworks.sh\"\n";
			showEnvVarsInLog = 0;
		};
		C018BB10135AD665D1BFB8C9 /* [CP] Check Pods Manifest.lock */ = {
			isa = PBXShellScriptBuildPhase;
			buildActionMask = 2147483647;
			files = (
			);
			inputPaths = (
				"${PODS_PODFILE_DIR_PATH}/Podfile.lock",
				"${PODS_ROOT}/Manifest.lock",
			);
			name = "[CP] Check Pods Manifest.lock";
			outputPaths = (
				"$(DERIVED_FILE_DIR)/Pods-MiyataSample2Tests-checkManifestLockResult.txt",
			);
			runOnlyForDeploymentPostprocessing = 0;
			shellPath = /bin/sh;
			shellScript = "diff \"${PODS_PODFILE_DIR_PATH}/Podfile.lock\" \"${PODS_ROOT}/Manifest.lock\" > /dev/null\nif [ $? != 0 ] ; then\n    # print error to STDERR\n    echo \"error: The sandbox is not in sync with the Podfile.lock. Run 'pod install' or update your CocoaPods installation.\" >&2\n    exit 1\nfi\n# This output is used by Xcode 'outputs' to avoid re-running this script phase.\necho \"SUCCESS\" > \"${SCRIPT_OUTPUT_FILE_0}\"\n";
			showEnvVarsInLog = 0;
		};
		DAF6908DE90FAEE555A94386 /* [CP] Copy Pods Resources */ = {
			isa = PBXShellScriptBuildPhase;
			buildActionMask = 2147483647;
			files = (
			);
			inputPaths = (
			);
			name = "[CP] Copy Pods Resources";
			outputPaths = (
			);
			runOnlyForDeploymentPostprocessing = 0;
			shellPath = /bin/sh;
			shellScript = "\"${SRCROOT}/Pods/Target Support Files/Pods-MiyataSample2Tests/Pods-MiyataSample2Tests-resources.sh\"\n";
			showEnvVarsInLog = 0;
		};
		E9499A5229155272D0AF581C /* [CP] Copy Pods Resources */ = {
			isa = PBXShellScriptBuildPhase;
			buildActionMask = 2147483647;
			files = (
			);
			inputPaths = (
			);
			name = "[CP] Copy Pods Resources";
			outputPaths = (
			);
			runOnlyForDeploymentPostprocessing = 0;
			shellPath = /bin/sh;
			shellScript = "\"${SRCROOT}/Pods/Target Support Files/Pods-MiyataSample2/Pods-MiyataSample2-resources.sh\"\n";
			showEnvVarsInLog = 0;
		};
		F8B43676AF6C5ABD7D9C5129 /* [CP] Embed Pods Frameworks */ = {
			isa = PBXShellScriptBuildPhase;
			buildActionMask = 2147483647;
			files = (
			);
			inputPaths = (
			);
			name = "[CP] Embed Pods Frameworks";
			outputPaths = (
			);
			runOnlyForDeploymentPostprocessing = 0;
			shellPath = /bin/sh;
			shellScript = "\"${SRCROOT}/Pods/Target Support Files/Pods-MiyataSample2UITests/Pods-MiyataSample2UITests-frameworks.sh\"\n";
			showEnvVarsInLog = 0;
		};
/* End PBXShellScriptBuildPhase section */

/* Begin PBXSourcesBuildPhase section */
		DD4B2CB31F847BBD00E4EF61 /* Sources */ = {
			isa = PBXSourcesBuildPhase;
			buildActionMask = 2147483647;
			files = (
				DD237D3B1F9F424600C4C5DF /* setProjectNameViewController.swift in Sources */,
				DDFBE5AD1FA07A83003E667B /* ButtonCustom.swift in Sources */,
				DD4B2CBD1F847BBD00E4EF61 /* ViewController.swift in Sources */,
				DDE798CC1FA2F51B00EE537D /* TitleViewController.swift in Sources */,
				DD4B2CBB1F847BBD00E4EF61 /* AppDelegate.swift in Sources */,
				DD237D3C1F9F424600C4C5DF /* TableViewController.swift in Sources */,
				DD4B2CC31F847BBD00E4EF61 /* MiyataSample2.xcdatamodeld in Sources */,
				DDE798D41FA80BB400EE537D /* AnimationViewController.swift in Sources */,
			);
			runOnlyForDeploymentPostprocessing = 0;
		};
		DD4B2CCA1F847BBD00E4EF61 /* Sources */ = {
			isa = PBXSourcesBuildPhase;
			buildActionMask = 2147483647;
			files = (
				DD4B2CD31F847BBD00E4EF61 /* MiyataSample2Tests.swift in Sources */,
			);
			runOnlyForDeploymentPostprocessing = 0;
		};
		DD4B2CD51F847BBE00E4EF61 /* Sources */ = {
			isa = PBXSourcesBuildPhase;
			buildActionMask = 2147483647;
			files = (
				DD4B2CDE1F847BBE00E4EF61 /* MiyataSample2UITests.swift in Sources */,
			);
			runOnlyForDeploymentPostprocessing = 0;
		};
/* End PBXSourcesBuildPhase section */

/* Begin PBXTargetDependency section */
		DD4B2CD01F847BBD00E4EF61 /* PBXTargetDependency */ = {
			isa = PBXTargetDependency;
			target = DD4B2CB61F847BBD00E4EF61 /* MiyataSample2 */;
			targetProxy = DD4B2CCF1F847BBD00E4EF61 /* PBXContainerItemProxy */;
		};
		DD4B2CDB1F847BBE00E4EF61 /* PBXTargetDependency */ = {
			isa = PBXTargetDependency;
			target = DD4B2CB61F847BBD00E4EF61 /* MiyataSample2 */;
			targetProxy = DD4B2CDA1F847BBE00E4EF61 /* PBXContainerItemProxy */;
		};
/* End PBXTargetDependency section */

/* Begin PBXVariantGroup section */
		DD4B2CBE1F847BBD00E4EF61 /* Main.storyboard */ = {
			isa = PBXVariantGroup;
			children = (
				DD4B2CBF1F847BBD00E4EF61 /* Base */,
			);
			name = Main.storyboard;
			sourceTree = "<group>";
		};
		DD4B2CC61F847BBD00E4EF61 /* LaunchScreen.storyboard */ = {
			isa = PBXVariantGroup;
			children = (
				DD4B2CC71F847BBD00E4EF61 /* Base */,
			);
			name = LaunchScreen.storyboard;
			sourceTree = "<group>";
		};
/* End PBXVariantGroup section */

/* Begin XCBuildConfiguration section */
		DD4B2CE01F847BBE00E4EF61 /* Debug */ = {
			isa = XCBuildConfiguration;
			buildSettings = {
				ALWAYS_SEARCH_USER_PATHS = NO;
				CLANG_ANALYZER_NONNULL = YES;
				CLANG_ANALYZER_NUMBER_OBJECT_CONVERSION = YES_AGGRESSIVE;
				CLANG_CXX_LANGUAGE_STANDARD = "gnu++14";
				CLANG_CXX_LIBRARY = "libc++";
				CLANG_ENABLE_MODULES = YES;
				CLANG_ENABLE_OBJC_ARC = YES;
				CLANG_WARN_BLOCK_CAPTURE_AUTORELEASING = YES;
				CLANG_WARN_BOOL_CONVERSION = YES;
				CLANG_WARN_COMMA = YES;
				CLANG_WARN_CONSTANT_CONVERSION = YES;
				CLANG_WARN_DIRECT_OBJC_ISA_USAGE = YES_ERROR;
				CLANG_WARN_DOCUMENTATION_COMMENTS = YES;
				CLANG_WARN_EMPTY_BODY = YES;
				CLANG_WARN_ENUM_CONVERSION = YES;
				CLANG_WARN_INFINITE_RECURSION = YES;
				CLANG_WARN_INT_CONVERSION = YES;
				CLANG_WARN_NON_LITERAL_NULL_CONVERSION = YES;
				CLANG_WARN_OBJC_LITERAL_CONVERSION = YES;
				CLANG_WARN_OBJC_ROOT_CLASS = YES_ERROR;
				CLANG_WARN_RANGE_LOOP_ANALYSIS = YES;
				CLANG_WARN_STRICT_PROTOTYPES = YES;
				CLANG_WARN_SUSPICIOUS_MOVE = YES;
				CLANG_WARN_UNGUARDED_AVAILABILITY = YES_AGGRESSIVE;
				CLANG_WARN_UNREACHABLE_CODE = YES;
				CLANG_WARN__DUPLICATE_METHOD_MATCH = YES;
				CODE_SIGN_IDENTITY = "iPhone Developer";
				COPY_PHASE_STRIP = NO;
				DEBUG_INFORMATION_FORMAT = dwarf;
				ENABLE_STRICT_OBJC_MSGSEND = YES;
				ENABLE_TESTABILITY = YES;
				GCC_C_LANGUAGE_STANDARD = gnu11;
				GCC_DYNAMIC_NO_PIC = NO;
				GCC_NO_COMMON_BLOCKS = YES;
				GCC_OPTIMIZATION_LEVEL = 0;
				GCC_PREPROCESSOR_DEFINITIONS = (
					"DEBUG=1",
					"$(inherited)",
				);
				GCC_WARN_64_TO_32_BIT_CONVERSION = YES;
				GCC_WARN_ABOUT_RETURN_TYPE = YES_ERROR;
				GCC_WARN_UNDECLARED_SELECTOR = YES;
				GCC_WARN_UNINITIALIZED_AUTOS = YES_AGGRESSIVE;
				GCC_WARN_UNUSED_FUNCTION = YES;
				GCC_WARN_UNUSED_VARIABLE = YES;
				IPHONEOS_DEPLOYMENT_TARGET = 11.0;
				MTL_ENABLE_DEBUG_INFO = YES;
				ONLY_ACTIVE_ARCH = YES;
				SDKROOT = iphoneos;
				SWIFT_ACTIVE_COMPILATION_CONDITIONS = DEBUG;
				SWIFT_OPTIMIZATION_LEVEL = "-Onone";
			};
			name = Debug;
		};
		DD4B2CE11F847BBE00E4EF61 /* Release */ = {
			isa = XCBuildConfiguration;
			buildSettings = {
				ALWAYS_SEARCH_USER_PATHS = NO;
				CLANG_ANALYZER_NONNULL = YES;
				CLANG_ANALYZER_NUMBER_OBJECT_CONVERSION = YES_AGGRESSIVE;
				CLANG_CXX_LANGUAGE_STANDARD = "gnu++14";
				CLANG_CXX_LIBRARY = "libc++";
				CLANG_ENABLE_MODULES = YES;
				CLANG_ENABLE_OBJC_ARC = YES;
				CLANG_WARN_BLOCK_CAPTURE_AUTORELEASING = YES;
				CLANG_WARN_BOOL_CONVERSION = YES;
				CLANG_WARN_COMMA = YES;
				CLANG_WARN_CONSTANT_CONVERSION = YES;
				CLANG_WARN_DIRECT_OBJC_ISA_USAGE = YES_ERROR;
				CLANG_WARN_DOCUMENTATION_COMMENTS = YES;
				CLANG_WARN_EMPTY_BODY = YES;
				CLANG_WARN_ENUM_CONVERSION = YES;
				CLANG_WARN_INFINITE_RECURSION = YES;
				CLANG_WARN_INT_CONVERSION = YES;
				CLANG_WARN_NON_LITERAL_NULL_CONVERSION = YES;
				CLANG_WARN_OBJC_LITERAL_CONVERSION = YES;
				CLANG_WARN_OBJC_ROOT_CLASS = YES_ERROR;
				CLANG_WARN_RANGE_LOOP_ANALYSIS = YES;
				CLANG_WARN_STRICT_PROTOTYPES = YES;
				CLANG_WARN_SUSPICIOUS_MOVE = YES;
				CLANG_WARN_UNGUARDED_AVAILABILITY = YES_AGGRESSIVE;
				CLANG_WARN_UNREACHABLE_CODE = YES;
				CLANG_WARN__DUPLICATE_METHOD_MATCH = YES;
				CODE_SIGN_IDENTITY = "iPhone Developer";
				COPY_PHASE_STRIP = NO;
				DEBUG_INFORMATION_FORMAT = "dwarf-with-dsym";
				ENABLE_NS_ASSERTIONS = NO;
				ENABLE_STRICT_OBJC_MSGSEND = YES;
				GCC_C_LANGUAGE_STANDARD = gnu11;
				GCC_NO_COMMON_BLOCKS = YES;
				GCC_WARN_64_TO_32_BIT_CONVERSION = YES;
				GCC_WARN_ABOUT_RETURN_TYPE = YES_ERROR;
				GCC_WARN_UNDECLARED_SELECTOR = YES;
				GCC_WARN_UNINITIALIZED_AUTOS = YES_AGGRESSIVE;
				GCC_WARN_UNUSED_FUNCTION = YES;
				GCC_WARN_UNUSED_VARIABLE = YES;
				IPHONEOS_DEPLOYMENT_TARGET = 11.0;
				MTL_ENABLE_DEBUG_INFO = NO;
				SDKROOT = iphoneos;
				SWIFT_OPTIMIZATION_LEVEL = "-Owholemodule";
				VALIDATE_PRODUCT = YES;
			};
			name = Release;
		};
		DD4B2CE31F847BBE00E4EF61 /* Debug */ = {
			isa = XCBuildConfiguration;
			baseConfigurationReference = B173813F37D0E7864F0A5A3D /* Pods-MiyataSample2.debug.xcconfig */;
			buildSettings = {
				ASSETCATALOG_COMPILER_APPICON_NAME = AppIcon;
				"CODE_SIGN_IDENTITY[sdk=iphoneos*]" = "iPhone Developer";
				CODE_SIGN_STYLE = Automatic;
				DEVELOPMENT_TEAM = Q85PX98XV3;
				INFOPLIST_FILE = MiyataSample2/Info.plist;
				LD_RUNPATH_SEARCH_PATHS = "$(inherited) @executable_path/Frameworks";
				ONLY_ACTIVE_ARCH = YES;
				PRODUCT_BUNDLE_IDENTIFIER = com.install.MiyataSample2;
				PRODUCT_NAME = "$(TARGET_NAME)";
				PROVISIONING_PROFILE_SPECIFIER = "";
				SWIFT_VERSION = 4.0;
				TARGETED_DEVICE_FAMILY = 1;
			};
			name = Debug;
		};
		DD4B2CE41F847BBE00E4EF61 /* Release */ = {
			isa = XCBuildConfiguration;
			baseConfigurationReference = 11114651ECF6ACDF887127FF /* Pods-MiyataSample2.release.xcconfig */;
			buildSettings = {
				ASSETCATALOG_COMPILER_APPICON_NAME = AppIcon;
				"CODE_SIGN_IDENTITY[sdk=iphoneos*]" = "iPhone Developer";
				CODE_SIGN_STYLE = Automatic;
				DEVELOPMENT_TEAM = Q85PX98XV3;
				INFOPLIST_FILE = MiyataSample2/Info.plist;
				LD_RUNPATH_SEARCH_PATHS = "$(inherited) @executable_path/Frameworks";
				ONLY_ACTIVE_ARCH = YES;
				PRODUCT_BUNDLE_IDENTIFIER = com.install.MiyataSample2;
				PRODUCT_NAME = "$(TARGET_NAME)";
				PROVISIONING_PROFILE_SPECIFIER = "";
				SWIFT_VERSION = 4.0;
				TARGETED_DEVICE_FAMILY = 1;
			};
			name = Release;
		};
		DD4B2CE61F847BBE00E4EF61 /* Debug */ = {
			isa = XCBuildConfiguration;
			baseConfigurationReference = 8AB2F18823BA38B8382789EB /* Pods-MiyataSample2Tests.debug.xcconfig */;
			buildSettings = {
				ALWAYS_EMBED_SWIFT_STANDARD_LIBRARIES = YES;
				BUNDLE_LOADER = "$(TEST_HOST)";
				CODE_SIGN_STYLE = Automatic;
				DEVELOPMENT_TEAM = YF2AGYP97R;
				INFOPLIST_FILE = MiyataSample2Tests/Info.plist;
				LD_RUNPATH_SEARCH_PATHS = "$(inherited) @executable_path/Frameworks @loader_path/Frameworks";
				PRODUCT_BUNDLE_IDENTIFIER = com.install.MiyataSample2Tests;
				PRODUCT_NAME = "$(TARGET_NAME)";
				SWIFT_VERSION = 4.0;
				TARGETED_DEVICE_FAMILY = "1,2";
				TEST_HOST = "$(BUILT_PRODUCTS_DIR)/MiyataSample2.app/MiyataSample2";
			};
			name = Debug;
		};
		DD4B2CE71F847BBE00E4EF61 /* Release */ = {
			isa = XCBuildConfiguration;
			baseConfigurationReference = F9658BA517D2BFCB0BCB72D3 /* Pods-MiyataSample2Tests.release.xcconfig */;
			buildSettings = {
				ALWAYS_EMBED_SWIFT_STANDARD_LIBRARIES = YES;
				BUNDLE_LOADER = "$(TEST_HOST)";
				CODE_SIGN_STYLE = Automatic;
				DEVELOPMENT_TEAM = YF2AGYP97R;
				INFOPLIST_FILE = MiyataSample2Tests/Info.plist;
				LD_RUNPATH_SEARCH_PATHS = "$(inherited) @executable_path/Frameworks @loader_path/Frameworks";
				PRODUCT_BUNDLE_IDENTIFIER = com.install.MiyataSample2Tests;
				PRODUCT_NAME = "$(TARGET_NAME)";
				SWIFT_VERSION = 4.0;
				TARGETED_DEVICE_FAMILY = "1,2";
				TEST_HOST = "$(BUILT_PRODUCTS_DIR)/MiyataSample2.app/MiyataSample2";
			};
			name = Release;
		};
		DD4B2CE91F847BBE00E4EF61 /* Debug */ = {
			isa = XCBuildConfiguration;
			baseConfigurationReference = 2333E323617B284C7800BEEB /* Pods-MiyataSample2UITests.debug.xcconfig */;
			buildSettings = {
				ALWAYS_EMBED_SWIFT_STANDARD_LIBRARIES = YES;
				CODE_SIGN_STYLE = Automatic;
				DEVELOPMENT_TEAM = YF2AGYP97R;
				INFOPLIST_FILE = MiyataSample2UITests/Info.plist;
				LD_RUNPATH_SEARCH_PATHS = "$(inherited) @executable_path/Frameworks @loader_path/Frameworks";
				PRODUCT_BUNDLE_IDENTIFIER = com.install.MiyataSample2UITests;
				PRODUCT_NAME = "$(TARGET_NAME)";
				SWIFT_VERSION = 4.0;
				TARGETED_DEVICE_FAMILY = "1,2";
				TEST_TARGET_NAME = MiyataSample2;
			};
			name = Debug;
		};
		DD4B2CEA1F847BBE00E4EF61 /* Release */ = {
			isa = XCBuildConfiguration;
			baseConfigurationReference = FE243BDF1B73209259671BA3 /* Pods-MiyataSample2UITests.release.xcconfig */;
			buildSettings = {
				ALWAYS_EMBED_SWIFT_STANDARD_LIBRARIES = YES;
				CODE_SIGN_STYLE = Automatic;
				DEVELOPMENT_TEAM = YF2AGYP97R;
				INFOPLIST_FILE = MiyataSample2UITests/Info.plist;
				LD_RUNPATH_SEARCH_PATHS = "$(inherited) @executable_path/Frameworks @loader_path/Frameworks";
				PRODUCT_BUNDLE_IDENTIFIER = com.install.MiyataSample2UITests;
				PRODUCT_NAME = "$(TARGET_NAME)";
				SWIFT_VERSION = 4.0;
				TARGETED_DEVICE_FAMILY = "1,2";
				TEST_TARGET_NAME = MiyataSample2;
			};
			name = Release;
		};
/* End XCBuildConfiguration section */

/* Begin XCConfigurationList section */
		DD4B2CB21F847BBD00E4EF61 /* Build configuration list for PBXProject "MiyataSample2" */ = {
			isa = XCConfigurationList;
			buildConfigurations = (
				DD4B2CE01F847BBE00E4EF61 /* Debug */,
				DD4B2CE11F847BBE00E4EF61 /* Release */,
			);
			defaultConfigurationIsVisible = 0;
			defaultConfigurationName = Release;
		};
		DD4B2CE21F847BBE00E4EF61 /* Build configuration list for PBXNativeTarget "MiyataSample2" */ = {
			isa = XCConfigurationList;
			buildConfigurations = (
				DD4B2CE31F847BBE00E4EF61 /* Debug */,
				DD4B2CE41F847BBE00E4EF61 /* Release */,
			);
			defaultConfigurationIsVisible = 0;
			defaultConfigurationName = Release;
		};
		DD4B2CE51F847BBE00E4EF61 /* Build configuration list for PBXNativeTarget "MiyataSample2Tests" */ = {
			isa = XCConfigurationList;
			buildConfigurations = (
				DD4B2CE61F847BBE00E4EF61 /* Debug */,
				DD4B2CE71F847BBE00E4EF61 /* Release */,
			);
			defaultConfigurationIsVisible = 0;
			defaultConfigurationName = Release;
		};
		DD4B2CE81F847BBE00E4EF61 /* Build configuration list for PBXNativeTarget "MiyataSample2UITests" */ = {
			isa = XCConfigurationList;
			buildConfigurations = (
				DD4B2CE91F847BBE00E4EF61 /* Debug */,
				DD4B2CEA1F847BBE00E4EF61 /* Release */,
			);
			defaultConfigurationIsVisible = 0;
			defaultConfigurationName = Release;
		};
/* End XCConfigurationList section */

/* Begin XCVersionGroup section */
		DD4B2CC11F847BBD00E4EF61 /* MiyataSample2.xcdatamodeld */ = {
			isa = XCVersionGroup;
			children = (
				DD4B2CC21F847BBD00E4EF61 /* MiyataSample2.xcdatamodel */,
			);
			currentVersion = DD4B2CC21F847BBD00E4EF61 /* MiyataSample2.xcdatamodel */;
			path = MiyataSample2.xcdatamodeld;
			sourceTree = "<group>";
			versionGroupType = wrapper.xcdatamodel;
		};
/* End XCVersionGroup section */
	};
	rootObject = DD4B2CAF1F847BBD00E4EF61 /* Project object */;
}
