PODS:
  - Material (2.12.6):
    - Material/Core (= 2.12.6)
  - Material/Core (2.12.6):
    - Motion (~> 1.2.0)
  - Motion (1.2.4):
    - Motion/Core (= 1.2.4)
  - Motion/Core (1.2.4)

DEPENDENCIES:
  - Material

SPEC CHECKSUMS:
  Material: 590fe1e46a9b3615d0e734860085eca8b50f401b
  Motion: ea6cc1d43e7b9c99819bfe91f6aee2500e208fc4

PODFILE CHECKSUM: 5e484b09122ad36a37f5ad6e1e23807891b1ec4c

COCOAPODS: 1.3.1
